github.com/behavioral-ai/core v0.0.0-20250210203949-67551877b585 h1:3gzhU6+ZmUhft/WintXGNUE6sgh94Zk2JbWa4DgmM5A=
github.com/behavioral-ai/core v0.0.0-20250210203949-67551877b585/go.mod h1:sqpbaRPtMXUb4j6CbCuwWvQrD6pUKJm5oZEKPDynlPE=
github.com/behavioral-ai/core v0.0.0-20250210205734-a846d743db5c h1:0mSxtUEdbpR7DadLBz2QybPp5V/PNTwK1NIAGwqvLzM=
github.com/behavioral-ai/core v0.0.0-20250210205734-a846d743db5c/go.mod h1:sqpbaRPtMXUb4j6CbCuwWvQrD6pUKJm5oZEKPDynlPE=
github.com/google/uuid v1.6.0 h1:NIvaJDMOsjHA8n1jAhLSgzrAzy1Hgr+hNrb57e+94F0=
github.com/google/uuid v1.6.0/go.mod h1:TIyPZe4MgqvfeYDBFedMoGGpEw/LqOeaOT+nhxU+yHo=
