github.com/behavioral-ai/core v0.0.0-20250210203949-67551877b585 h1:3gzhU6+ZmUhft/WintXGNUE6sgh94Zk2JbWa4DgmM5A=
github.com/behavioral-ai/core v0.0.0-20250210203949-67551877b585/go.mod h1:sqpbaRPtMXUb4j6CbCuwWvQrD6pUKJm5oZEKPDynlPE=
github.com/behavioral-ai/core v0.0.0-20250210205734-a846d743db5c h1:0mSxtUEdbpR7DadLBz2QybPp5V/PNTwK1NIAGwqvLzM=
github.com/behavioral-ai/core v0.0.0-20250210205734-a846d743db5c/go.mod h1:sqpbaRPtMXUb4j6CbCuwWvQrD6pUKJm5oZEKPDynlPE=
github.com/behavioral-ai/core v0.0.0-20250213183130-56ea38e98f22 h1:3N2KF8ItRpz9J+shcXAKJLu9gFJ/9e6OgXQ6NwomE3s=
github.com/behavioral-ai/core v0.0.0-20250213183130-56ea38e98f22/go.mod h1:sqpbaRPtMXUb4j6CbCuwWvQrD6pUKJm5oZEKPDynlPE=
github.com/behavioral-ai/core v0.0.0-20250214120112-3388bab2db77 h1:5vKZuGvrSrjoWW5MWoINMvfA+3gVsMrlOK3dh0/BsyI=
github.com/behavioral-ai/core v0.0.0-20250214120112-3388bab2db77/go.mod h1:sqpbaRPtMXUb4j6CbCuwWvQrD6pUKJm5oZEKPDynlPE=
github.com/behavioral-ai/core v0.0.0-20250214232254-ae65d78db788 h1:YJkBE8x6Ljxne4IkEXHe10n4JzlKLLl4Nh9s10vgrNg=
github.com/behavioral-ai/core v0.0.0-20250214232254-ae65d78db788/go.mod h1:sqpbaRPtMXUb4j6CbCuwWvQrD6pUKJm5oZEKPDynlPE=
github.com/behavioral-ai/core v0.0.0-20250217213029-cd48908ae98d h1:vGxrWEPz3PmkG9Kf646aIS1EU1gnUW8w+4mI9jA0NJ8=
github.com/behavioral-ai/core v0.0.0-20250217213029-cd48908ae98d/go.mod h1:sqpbaRPtMXUb4j6CbCuwWvQrD6pUKJm5oZEKPDynlPE=
github.com/behavioral-ai/core v0.0.0-20250217220115-3b2ee5483dee h1:ilSIwz1I4KR3MJxjp6PDkHQ+GSeFTrjzVNSbhKJABi0=
github.com/behavioral-ai/core v0.0.0-20250217220115-3b2ee5483dee/go.mod h1:sqpbaRPtMXUb4j6CbCuwWvQrD6pUKJm5oZEKPDynlPE=
github.com/behavioral-ai/core v0.0.0-20250217221156-1d95cc8ac1f7 h1:tDiHcxmUnst4iqYzNnINFqa3YpJJHgGGifo1mo+Ugwk=
github.com/behavioral-ai/core v0.0.0-20250217221156-1d95cc8ac1f7/go.mod h1:sqpbaRPtMXUb4j6CbCuwWvQrD6pUKJm5oZEKPDynlPE=
github.com/behavioral-ai/core v0.0.0-20250218161552-6078b51bb4c0 h1:6JIGycb17wc2fQOL+96jrfBTtDFiNpEVKV6bKmWXJO4=
github.com/behavioral-ai/core v0.0.0-20250218161552-6078b51bb4c0/go.mod h1:sqpbaRPtMXUb4j6CbCuwWvQrD6pUKJm5oZEKPDynlPE=
github.com/behavioral-ai/core v0.0.0-20250219185534-5ce7c66f658c h1:hJghZJIVzjuUdCTFeG8LcVJFjrV5+95ogzRTj1GjFyM=
github.com/behavioral-ai/core v0.0.0-20250219185534-5ce7c66f658c/go.mod h1:sqpbaRPtMXUb4j6CbCuwWvQrD6pUKJm5oZEKPDynlPE=
github.com/behavioral-ai/core v0.0.0-20250220192507-74b55dbf7146 h1:COEFK4J2HELfsL/P/UnO84+IfdIMwCU3UIJC+9Z/PXI=
github.com/behavioral-ai/core v0.0.0-20250220192507-74b55dbf7146/go.mod h1:sqpbaRPtMXUb4j6CbCuwWvQrD6pUKJm5oZEKPDynlPE=
github.com/behavioral-ai/core v0.0.0-20250220195502-937376478450 h1:4U6esrmnew049+8kN+eW1ikKr73jUsoBFn/bHcIO9bU=
github.com/behavioral-ai/core v0.0.0-20250220195502-937376478450/go.mod h1:sqpbaRPtMXUb4j6CbCuwWvQrD6pUKJm5oZEKPDynlPE=
github.com/behavioral-ai/core v0.0.0-20250222141611-901d91068a16 h1:1e2WEIHbEDRxdnVx7NdlGFK9BSAJ+9NZ89hSp6LG+/c=
github.com/behavioral-ai/core v0.0.0-20250222141611-901d91068a16/go.mod h1:sqpbaRPtMXUb4j6CbCuwWvQrD6pUKJm5oZEKPDynlPE=
github.com/behavioral-ai/core v0.0.0-20250222144401-e9db1bc955d6 h1:+R5SeLsLZCFCsUaVQhwUyYRs5KeFV/uXtJnY3Z42IP8=
github.com/behavioral-ai/core v0.0.0-20250222144401-e9db1bc955d6/go.mod h1:sqpbaRPtMXUb4j6CbCuwWvQrD6pUKJm5oZEKPDynlPE=
github.com/behavioral-ai/core v0.0.0-20250222151056-3f0e62b3dc44 h1:N8j93wF3GJvDB3vWVNPOTD1Bvex0J7kj4QQFM/EBcjI=
github.com/behavioral-ai/core v0.0.0-20250222151056-3f0e62b3dc44/go.mod h1:sqpbaRPtMXUb4j6CbCuwWvQrD6pUKJm5oZEKPDynlPE=
github.com/behavioral-ai/core v0.0.0-20250222162931-0eb2aa52e6ac h1:4LDk2/Ijsm7spuP0DCccL4cA3jAd4sQNvVJmmEYLJDA=
github.com/behavioral-ai/core v0.0.0-20250222162931-0eb2aa52e6ac/go.mod h1:sqpbaRPtMXUb4j6CbCuwWvQrD6pUKJm5oZEKPDynlPE=
github.com/behavioral-ai/core v0.0.0-20250222201658-9be38ea912de h1:8E8+26cNUt/afRtJ8oStTkJngyTI9ICohTaRKOzCTF8=
github.com/behavioral-ai/core v0.0.0-20250222201658-9be38ea912de/go.mod h1:sqpbaRPtMXUb4j6CbCuwWvQrD6pUKJm5oZEKPDynlPE=
github.com/behavioral-ai/core v0.0.0-20250223161355-023c74349508 h1:1EaCJvjszbQXt0cQF7MG01DMGuHEkghiYhXfL3Im60o=
github.com/behavioral-ai/core v0.0.0-20250223161355-023c74349508/go.mod h1:sqpbaRPtMXUb4j6CbCuwWvQrD6pUKJm5oZEKPDynlPE=
github.com/behavioral-ai/core v0.0.0-20250223173349-887a2b8076be h1:tn1+4XFF8QQQVc8nPn4yhZ0zf7zofyesE+Gvgd0I+YQ=
github.com/behavioral-ai/core v0.0.0-20250223173349-887a2b8076be/go.mod h1:sqpbaRPtMXUb4j6CbCuwWvQrD6pUKJm5oZEKPDynlPE=
github.com/behavioral-ai/core v0.0.0-20250223184120-fcb7e19cfe80 h1:vWSDUeuJYOUbjQf/xYFKsmqQ2aA9Y50kIOn5KLXFSZE=
github.com/behavioral-ai/core v0.0.0-20250223184120-fcb7e19cfe80/go.mod h1:sqpbaRPtMXUb4j6CbCuwWvQrD6pUKJm5oZEKPDynlPE=
github.com/behavioral-ai/core v0.0.0-20250223200737-f352a3968e5f h1:gI3fzruo23fRhSlDeMMrABGNE/VGpk7GFP91MOgDGeY=
github.com/behavioral-ai/core v0.0.0-20250223200737-f352a3968e5f/go.mod h1:sqpbaRPtMXUb4j6CbCuwWvQrD6pUKJm5oZEKPDynlPE=
github.com/behavioral-ai/core v0.0.0-20250223233020-4a8048737cb0 h1:8TiQ/xM1aGqNXQAlH1I663j/kOvkOL3IM+aJxi/H3c4=
github.com/behavioral-ai/core v0.0.0-20250223233020-4a8048737cb0/go.mod h1:sqpbaRPtMXUb4j6CbCuwWvQrD6pUKJm5oZEKPDynlPE=
github.com/behavioral-ai/core v0.0.0-20250224203009-f0f5d86a33a5 h1:cfWCtsx5/pr0mPk+ORCeXrzasmV/KBSakXCFMp3us6k=
github.com/behavioral-ai/core v0.0.0-20250224203009-f0f5d86a33a5/go.mod h1:sqpbaRPtMXUb4j6CbCuwWvQrD6pUKJm5oZEKPDynlPE=
github.com/behavioral-ai/core v0.0.0-20250224212208-eae86ba32e82 h1:qyr5yc0gcKrNcRIqRX5UcbsZYhlk1D0JoTk7Dv2ilAM=
github.com/behavioral-ai/core v0.0.0-20250224212208-eae86ba32e82/go.mod h1:sqpbaRPtMXUb4j6CbCuwWvQrD6pUKJm5oZEKPDynlPE=
github.com/behavioral-ai/core v0.0.0-20250224213416-230d13c45758 h1:Nwj2wskmut36KopJkQ+lZGDhHSLcLMmH20mvbPg/42U=
github.com/behavioral-ai/core v0.0.0-20250224213416-230d13c45758/go.mod h1:sqpbaRPtMXUb4j6CbCuwWvQrD6pUKJm5oZEKPDynlPE=
github.com/behavioral-ai/core v0.0.0-20250225131718-a29daa9360a2 h1:vQZwlSA5EMX107wjS5oJZKpQNq89njdacj06X7a6468=
github.com/behavioral-ai/core v0.0.0-20250225131718-a29daa9360a2/go.mod h1:sqpbaRPtMXUb4j6CbCuwWvQrD6pUKJm5oZEKPDynlPE=
github.com/behavioral-ai/core v0.0.0-20250225151303-b1f729713cc9 h1:JVgyiszPkTthOuJS9feBROzi9JLafXHlZhkEr9oIvZI=
github.com/behavioral-ai/core v0.0.0-20250225151303-b1f729713cc9/go.mod h1:sqpbaRPtMXUb4j6CbCuwWvQrD6pUKJm5oZEKPDynlPE=
github.com/behavioral-ai/core v0.0.0-20250225155434-5a6d40deb4e1 h1:oijqbKpsiNBmNTLgPRRR0AoKG+5A+oVhBXUaENynkNg=
github.com/behavioral-ai/core v0.0.0-20250225155434-5a6d40deb4e1/go.mod h1:sqpbaRPtMXUb4j6CbCuwWvQrD6pUKJm5oZEKPDynlPE=
github.com/behavioral-ai/core v0.0.0-20250225173226-09a6c7a6ff64 h1:HyCYIYgj3ufQW31p2KcgtP/MgQQCUkX9ThvZ/g9LtcU=
github.com/behavioral-ai/core v0.0.0-20250225173226-09a6c7a6ff64/go.mod h1:sqpbaRPtMXUb4j6CbCuwWvQrD6pUKJm5oZEKPDynlPE=
github.com/behavioral-ai/core v0.0.0-20250226002330-b5e429e71998 h1:HwC0+UOHBLFI+dg1Tt1QP9ACmTTa3cKyhRi7FKzkECE=
github.com/behavioral-ai/core v0.0.0-20250226002330-b5e429e71998/go.mod h1:sqpbaRPtMXUb4j6CbCuwWvQrD6pUKJm5oZEKPDynlPE=
github.com/google/uuid v1.6.0 h1:NIvaJDMOsjHA8n1jAhLSgzrAzy1Hgr+hNrb57e+94F0=
github.com/google/uuid v1.6.0/go.mod h1:TIyPZe4MgqvfeYDBFedMoGGpEw/LqOeaOT+nhxU+yHo=
